
Microsoft Visual Studio Solution File, Format Version 12.00
# Visual Studio 15
VisualStudioVersion = 15.0.27428.2015
MinimumVisualStudioVersion = 10.0.40219.1
Project("{FAE04EC0-301F-11D3-BF4B-00C04F79EFBC}") = "SelectionTest", "SelectionTest\SelectionTest.csproj", "{0FC0CD41-3178-48B7-ABAF-72C5574AB539}"
EndProject
Global
	GlobalSection(SolutionConfigurationPlatforms) = preSolution
		Debug|Any CPU = Debug|Any CPU
		Release|Any CPU = Release|Any CPU
	EndGlobalSection
	GlobalSection(ProjectConfigurationPlatforms) = postSolution
		{0FC0CD41-3178-48B7-ABAF-72C5574AB539}.Debug|Any CPU.ActiveCfg = Debug|Any CPU
		{0FC0CD41-3178-48B7-ABAF-72C5574AB539}.Debug|Any CPU.Build.0 = Debug|Any CPU
		{0FC0CD41-3178-48B7-ABAF-72C5574AB539}.Release|Any CPU.ActiveCfg = Release|Any CPU
		{0FC0CD41-3178-48B7-ABAF-72C5574AB539}.Release|Any CPU.Build.0 = Release|Any CPU
	EndGlobalSection
	GlobalSection(SolutionProperties) = preSolution
		HideSolutionNode = FALSE
	EndGlobalSection
	GlobalSection(ExtensibilityGlobals) = postSolution
		SolutionGuid = {01B59AE0-5B58-49D0-BD91-F4DEC5330DBD}
	EndGlobalSection
EndGlobal
